
Microsoft Visual Studio Solution File, Format Version 12.00
# Visual Studio Version 17
VisualStudioVersion = 17.6.33829.357
MinimumVisualStudioVersion = 10.0.40219.1
Project("{FAE04EC0-301F-11D3-BF4B-00C04F79EFBC}") = "src", "src\src.csproj", "{FDCF5F5C-7412-4714-A7A0-1BB172505973}"
EndProject
Global
	GlobalSection(SolutionConfigurationPlatforms) = preSolution
		Debug|Any CPU = Debug|Any CPU
		Release|Any CPU = Release|Any CPU
	EndGlobalSection
	GlobalSection(ProjectConfigurationPlatforms) = postSolution
		{FDCF5F5C-7412-4714-A7A0-1BB172505973}.Debug|Any CPU.ActiveCfg = Debug|Any CPU
		{FDCF5F5C-7412-4714-A7A0-1BB172505973}.Debug|Any CPU.Build.0 = Debug|Any CPU
		{FDCF5F5C-7412-4714-A7A0-1BB172505973}.Release|Any CPU.ActiveCfg = Release|Any CPU
		{FDCF5F5C-7412-4714-A7A0-1BB172505973}.Release|Any CPU.Build.0 = Release|Any CPU
	EndGlobalSection
	GlobalSection(SolutionProperties) = preSolution
		HideSolutionNode = FALSE
	EndGlobalSection
	GlobalSection(ExtensibilityGlobals) = postSolution
		SolutionGuid = {6E16460B-30ED-40CD-9A0A-6021AD5793AF}
	EndGlobalSection
EndGlobal
